// !$*UTF8*$!
{
	archiveVersion = 1;
	classes = {
	};
	objectVersion = 46;
	objects = {

/* Begin PBXBuildFile section */
		DBF254B81EA00670004E0C26 /* AppDelegate.swift in Sources */ = {isa = PBXBuildFile; fileRef = DBF254B71EA00670004E0C26 /* AppDelegate.swift */; };
		DBF254BA1EA00670004E0C26 /* ViewController.swift in Sources */ = {isa = PBXBuildFile; fileRef = DBF254B91EA00670004E0C26 /* ViewController.swift */; };
		DBF254BD1EA00670004E0C26 /* Main.storyboard in Resources */ = {isa = PBXBuildFile; fileRef = DBF254BB1EA00670004E0C26 /* Main.storyboard */; };
		DBF254BF1EA00670004E0C26 /* Assets.xcassets in Resources */ = {isa = PBXBuildFile; fileRef = DBF254BE1EA00670004E0C26 /* Assets.xcassets */; };
		DBF254C21EA00670004E0C26 /* LaunchScreen.storyboard in Resources */ = {isa = PBXBuildFile; fileRef = DBF254C01EA00670004E0C26 /* LaunchScreen.storyboard */; };
		DBF254CA1EA00698004E0C26 /* IHTypeWriterLabel.swift in Sources */ = {isa = PBXBuildFile; fileRef = DBF254C91EA00698004E0C26 /* IHTypeWriterLabel.swift */; };
/* End PBXBuildFile section */

/* Begin PBXFileReference section */
		DBF254B41EA0066F004E0C26 /* typeWriterEffect.app */ = {isa = PBXFileReference; explicitFileType = wrapper.application; includeInIndex = 0; path = typeWriterEffect.app; sourceTree = BUILT_PRODUCTS_DIR; };
		DBF254B71EA00670004E0C26 /* AppDelegate.swift */ = {isa = PBXFileReference; lastKnownFileType = sourcecode.swift; path = AppDelegate.swift; sourceTree = "<group>"; };
		DBF254B91EA00670004E0C26 /* ViewController.swift */ = {isa = PBXFileReference; lastKnownFileType = sourcecode.swift; path = ViewController.swift; sourceTree = "<group>"; };
		DBF254BC1EA00670004E0C26 /* Base */ = {isa = PBXFileReference; lastKnownFileType = file.storyboard; name = Base; path = Base.lproj/Main.storyboard; sourceTree = "<group>"; };
		DBF254BE1EA00670004E0C26 /* Assets.xcassets */ = {isa = PBXFileReference; lastKnownFileType = folder.assetcatalog; path = Assets.xcassets; sourceTree = "<group>"; };
		DBF254C11EA00670004E0C26 /* Base */ = {isa = PBXFileReference; lastKnownFileType = file.storyboard; name = Base; path = Base.lproj/LaunchScreen.storyboard; sourceTree = "<group>"; };
		DBF254C31EA00670004E0C26 /* Info.plist */ = {isa = PBXFileReference; lastKnownFileType = text.plist.xml; path = Info.plist; sourceTree = "<group>"; };
		DBF254C91EA00698004E0C26 /* IHTypeWriterLabel.swift */ = {isa = PBXFileReference; fileEncoding = 4; lastKnownFileType = sourcecode.swift; path = IHTypeWriterLabel.swift; sourceTree = "<group>"; };
/* End PBXFileReference section */

/* Begin PBXFrameworksBuildPhase section */
		DBF254B11EA0066F004E0C26 /* Frameworks */ = {
			isa = PBXFrameworksBuildPhase;
			buildActionMask = 2147483647;
			files = (
			);
			runOnlyForDeploymentPostprocessing = 0;
		};
/* End PBXFrameworksBuildPhase section */

/* Begin PBXGroup section */
		DBF254AB1EA0066F004E0C26 = {
			isa = PBXGroup;
			children = (
				DBF254B61EA0066F004E0C26 /* typeWriterEffect */,
				DBF254B51EA0066F004E0C26 /* Products */,
			);
			sourceTree = "<group>";
		};
		DBF254B51EA0066F004E0C26 /* Products */ = {
			isa = PBXGroup;
			children = (
				DBF254B41EA0066F004E0C26 /* typeWriterEffect.app */,
			);
			name = Products;
			sourceTree = "<group>";
		};
		DBF254B61EA0066F004E0C26 /* typeWriterEffect */ = {
			isa = PBXGroup;
			children = (
				DBF254B71EA00670004E0C26 /* AppDelegate.swift */,
				DBF254B91EA00670004E0C26 /* ViewController.swift */,
				DBF254C91EA00698004E0C26 /* IHTypeWriterLabel.swift */,
				DBF254BB1EA00670004E0C26 /* Main.storyboard */,
				DBF254BE1EA00670004E0C26 /* Assets.xcassets */,
				DBF254C01EA00670004E0C26 /* LaunchScreen.storyboard */,
				DBF254C31EA00670004E0C26 /* Info.plist */,
			);
			path = typeWriterEffect;
			sourceTree = "<group>";
		};
/* End PBXGroup section */

/* Begin PBXNativeTarget section */
		DBF254B31EA0066F004E0C26 /* typeWriterEffect */ = {
			isa = PBXNativeTarget;
			buildConfigurationList = DBF254C61EA00670004E0C26 /* Build configuration list for PBXNativeTarget "typeWriterEffect" */;
			buildPhases = (
				DBF254B01EA0066F004E0C26 /* Sources */,
				DBF254B11EA0066F004E0C26 /* Frameworks */,
				DBF254B21EA0066F004E0C26 /* Resources */,
			);
			buildRules = (
			);
			dependencies = (
			);
			name = typeWriterEffect;
			productName = typeWriterEffect;
			productReference = DBF254B41EA0066F004E0C26 /* typeWriterEffect.app */;
			productType = "com.apple.product-type.application";
		};
/* End PBXNativeTarget section */

/* Begin PBXProject section */
		DBF254AC1EA0066F004E0C26 /* Project object */ = {
			isa = PBXProject;
			attributes = {
				LastSwiftUpdateCheck = 0810;
				LastUpgradeCheck = 0810;
				ORGANIZATIONNAME = "Md Ibrahim Hassan";
				TargetAttributes = {
					DBF254B31EA0066F004E0C26 = {
						CreatedOnToolsVersion = 8.1;
						DevelopmentTeam = S22NC6S4LN;
						ProvisioningStyle = Automatic;
					};
				};
			};
			buildConfigurationList = DBF254AF1EA0066F004E0C26 /* Build configuration list for PBXProject "typeWriterEffect" */;
			compatibilityVersion = "Xcode 3.2";
			developmentRegion = English;
			hasScannedForEncodings = 0;
			knownRegions = (
				en,
				Base,
			);
			mainGroup = DBF254AB1EA0066F004E0C26;
			productRefGroup = DBF254B51EA0066F004E0C26 /* Products */;
			projectDirPath = "";
			projectRoot = "";
			targets = (
				DBF254B31EA0066F004E0C26 /* typeWriterEffect */,
			);
		};
/* End PBXProject section */

/* Begin PBXResourcesBuildPhase section */
		DBF254B21EA0066F004E0C26 /* Resources */ = {
			isa = PBXResourcesBuildPhase;
			buildActionMask = 2147483647;
			files = (
				DBF254C21EA00670004E0C26 /* LaunchScreen.storyboard in Resources */,
				DBF254BF1EA00670004E0C26 /* Assets.xcassets in Resources */,
				DBF254BD1EA00670004E0C26 /* Main.storyboard in Resources */,
			);
			runOnlyForDeploymentPostprocessing = 0;
		};
/* End PBXResourcesBuildPhase section */

/* Begin PBXSourcesBuildPhase section */
		DBF254B01EA0066F004E0C26 /* Sources */ = {
			isa = PBXSourcesBuildPhase;
			buildActionMask = 2147483647;
			files = (
				DBF254BA1EA00670004E0C26 /* ViewController.swift in Sources */,
				DBF254CA1EA00698004E0C26 /* IHTypeWriterLabel.swift in Sources */,
				DBF254B81EA00670004E0C26 /* AppDelegate.swift in Sources */,
			);
			runOnlyForDeploymentPostprocessing = 0;
		};
/* End PBXSourcesBuildPhase section */

/* Begin PBXVariantGroup section */
		DBF254BB1EA00670004E0C26 /* Main.storyboard */ = {
			isa = PBXVariantGroup;
			children = (
				DBF254BC1EA00670004E0C26 /* Base */,
			);
			name = Main.storyboard;
			sourceTree = "<group>";
		};
		DBF254C01EA00670004E0C26 /* LaunchScreen.storyboard */ = {
			isa = PBXVariantGroup;
			children = (
				DBF254C11EA00670004E0C26 /* Base */,
			);
			name = LaunchScreen.storyboard;
			sourceTree = "<group>";
		};
/* End PBXVariantGroup section */

/* Begin XCBuildConfiguration section */
		DBF254C41EA00670004E0C26 /* Debug */ = {
			isa = XCBuildConfiguration;
			buildSettings = {
				ALWAYS_SEARCH_USER_PATHS = NO;
				CLANG_ANALYZER_NONNULL = YES;
				CLANG_CXX_LANGUAGE_STANDARD = "gnu++0x";
				CLANG_CXX_LIBRARY = "libc++";
				CLANG_ENABLE_MODULES = YES;
				CLANG_ENABLE_OBJC_ARC = YES;
				CLANG_WARN_BOOL_CONVERSION = YES;
				CLANG_WARN_CONSTANT_CONVERSION = YES;
				CLANG_WARN_DIRECT_OBJC_ISA_USAGE = YES_ERROR;
				CLANG_WARN_DOCUMENTATION_COMMENTS = YES;
				CLANG_WARN_EMPTY_BODY = YES;
				CLANG_WARN_ENUM_CONVERSION = YES;
				CLANG_WARN_INFINITE_RECURSION = YES;
				CLANG_WARN_INT_CONVERSION = YES;
				CLANG_WARN_OBJC_ROOT_CLASS = YES_ERROR;
				CLANG_WARN_SUSPICIOUS_MOVES = YES;
				CLANG_WARN_UNREACHABLE_CODE = YES;
				CLANG_WARN__DUPLICATE_METHOD_MATCH = YES;
				"CODE_SIGN_IDENTITY[sdk=iphoneos*]" = "iPhone Developer";
				COPY_PHASE_STRIP = NO;
				DEBUG_INFORMATION_FORMAT = dwarf;
				ENABLE_STRICT_OBJC_MSGSEND = YES;
				ENABLE_TESTABILITY = YES;
				GCC_C_LANGUAGE_STANDARD = gnu99;
				GCC_DYNAMIC_NO_PIC = NO;
				GCC_NO_COMMON_BLOCKS = YES;
				GCC_OPTIMIZATION_LEVEL = 0;
				GCC_PREPROCESSOR_DEFINITIONS = (
					"DEBUG=1",
					"$(inherited)",
				);
				GCC_WARN_64_TO_32_BIT_CONVERSION = YES;
				GCC_WARN_ABOUT_RETURN_TYPE = YES_ERROR;
				GCC_WARN_UNDECLARED_SELECTOR = YES;
				GCC_WARN_UNINITIALIZED_AUTOS = YES_AGGRESSIVE;
				GCC_WARN_UNUSED_FUNCTION = YES;
				GCC_WARN_UNUSED_VARIABLE = YES;
				IPHONEOS_DEPLOYMENT_TARGET = 10.1;
				MTL_ENABLE_DEBUG_INFO = YES;
				ONLY_ACTIVE_ARCH = YES;
				SDKROOT = iphoneos;
				SWIFT_ACTIVE_COMPILATION_CONDITIONS = DEBUG;
				SWIFT_OPTIMIZATION_LEVEL = "-Onone";
				TARGETED_DEVICE_FAMILY = "1,2";
			};
			name = Debug;
		};
		DBF254C51EA00670004E0C26 /* Release */ = {
			isa = XCBuildConfiguration;
			buildSettings = {
				ALWAYS_SEARCH_USER_PATHS = NO;
				CLANG_ANALYZER_NONNULL = YES;
				CLANG_CXX_LANGUAGE_STANDARD = "gnu++0x";
				CLANG_CXX_LIBRARY = "libc++";
				CLANG_ENABLE_MODULES = YES;
				CLANG_ENABLE_OBJC_ARC = YES;
				CLANG_WARN_BOOL_CONVERSION = YES;
				CLANG_WARN_CONSTANT_CONVERSION = YES;
				CLANG_WARN_DIRECT_OBJC_ISA_USAGE = YES_ERROR;
				CLANG_WARN_DOCUMENTATION_COMMENTS = YES;
				CLANG_WARN_EMPTY_BODY = YES;
				CLANG_WARN_ENUM_CONVERSION = YES;
				CLANG_WARN_INFINITE_RECURSION = YES;
				CLANG_WARN_INT_CONVERSION = YES;
				CLANG_WARN_OBJC_ROOT_CLASS = YES_ERROR;
				CLANG_WARN_SUSPICIOUS_MOVES = YES;
				CLANG_WARN_UNREACHABLE_CODE = YES;
				CLANG_WARN__DUPLICATE_METHOD_MATCH = YES;
				"CODE_SIGN_IDENTITY[sdk=iphoneos*]" = "iPhone Developer";
				COPY_PHASE_STRIP = NO;
				DEBUG_INFORMATION_FORMAT = "dwarf-with-dsym";
				ENABLE_NS_ASSERTIONS = NO;
				ENABLE_STRICT_OBJC_MSGSEND = YES;
				GCC_C_LANGUAGE_STANDARD = gnu99;
				GCC_NO_COMMON_BLOCKS = YES;
				GCC_WARN_64_TO_32_BIT_CONVERSION = YES;
				GCC_WARN_ABOUT_RETURN_TYPE = YES_ERROR;
				GCC_WARN_UNDECLARED_SELECTOR = YES;
				GCC_WARN_UNINITIALIZED_AUTOS = YES_AGGRESSIVE;
				GCC_WARN_UNUSED_FUNCTION = YES;
				GCC_WARN_UNUSED_VARIABLE = YES;
				IPHONEOS_DEPLOYMENT_TARGET = 10.1;
				MTL_ENABLE_DEBUG_INFO = NO;
				SDKROOT = iphoneos;
				SWIFT_OPTIMIZATION_LEVEL = "-Owholemodule";
				TARGETED_DEVICE_FAMILY = "1,2";
				VALIDATE_PRODUCT = YES;
			};
			name = Release;
		};
		DBF254C71EA00670004E0C26 /* Debug */ = {
			isa = XCBuildConfiguration;
			buildSettings = {
				ASSETCATALOG_COMPILER_APPICON_NAME = AppIcon;
				DEVELOPMENT_TEAM = S22NC6S4LN;
				INFOPLIST_FILE = typeWriterEffect/Info.plist;
				IPHONEOS_DEPLOYMENT_TARGET = 8.0;
				LD_RUNPATH_SEARCH_PATHS = "$(inherited) @executable_path/Frameworks";
				PRODUCT_BUNDLE_IDENTIFIER = "IbrahimH-ss-n.typeWriterEffect";
				PRODUCT_NAME = "$(TARGET_NAME)";
				SWIFT_VERSION = 3.0;
			};
			name = Debug;
		};
		DBF254C81EA00670004E0C26 /* Release */ = {
			isa = XCBuildConfiguration;
			buildSettings = {
				ASSETCATALOG_COMPILER_APPICON_NAME = AppIcon;
				DEVELOPMENT_TEAM = S22NC6S4LN;
				INFOPLIST_FILE = typeWriterEffect/Info.plist;
				IPHONEOS_DEPLOYMENT_TARGET = 8.0;
				LD_RUNPATH_SEARCH_PATHS = "$(inherited) @executable_path/Frameworks";
				PRODUCT_BUNDLE_IDENTIFIER = "IbrahimH-ss-n.typeWriterEffect";
				PRODUCT_NAME = "$(TARGET_NAME)";
				SWIFT_VERSION = 3.0;
			};
			name = Release;
		};
/* End XCBuildConfiguration section */

/* Begin XCConfigurationList section */
		DBF254AF1EA0066F004E0C26 /* Build configuration list for PBXProject "typeWriterEffect" */ = {
			isa = XCConfigurationList;
			buildConfigurations = (
				DBF254C41EA00670004E0C26 /* Debug */,
				DBF254C51EA00670004E0C26 /* Release */,
			);
			defaultConfigurationIsVisible = 0;
			defaultConfigurationName = Release;
		};
		DBF254C61EA00670004E0C26 /* Build configuration list for PBXNativeTarget "typeWriterEffect" */ = {
			isa = XCConfigurationList;
			buildConfigurations = (
				DBF254C71EA00670004E0C26 /* Debug */,
				DBF254C81EA00670004E0C26 /* Release */,
			);
			defaultConfigurationIsVisible = 0;
			defaultConfigurationName = Release;
		};
/* End XCConfigurationList section */
	};
	rootObject = DBF254AC1EA0066F004E0C26 /* Project object */;
}
